
Microsoft Visual Studio Solution File, Format Version 12.00
# Visual Studio Version 17
VisualStudioVersion = 17.9.34622.214
MinimumVisualStudioVersion = 10.0.40219.1
Project("{FAE04EC0-301F-11D3-BF4B-00C04F79EFBC}") = "Aniket_Ahire_Assignment_1", "Aniket_Ahire_Assignment_1.csproj", "{55A8B421-ADE4-4B23-90D0-C01F7B8CFE21}"
EndProject
Global
	GlobalSection(SolutionConfigurationPlatforms) = preSolution
		Debug|Any CPU = Debug|Any CPU
		Release|Any CPU = Release|Any CPU
	EndGlobalSection
	GlobalSection(ProjectConfigurationPlatforms) = postSolution
		{55A8B421-ADE4-4B23-90D0-C01F7B8CFE21}.Debug|Any CPU.ActiveCfg = Debug|Any CPU
		{55A8B421-ADE4-4B23-90D0-C01F7B8CFE21}.Debug|Any CPU.Build.0 = Debug|Any CPU
		{55A8B421-ADE4-4B23-90D0-C01F7B8CFE21}.Release|Any CPU.ActiveCfg = Release|Any CPU
		{55A8B421-ADE4-4B23-90D0-C01F7B8CFE21}.Release|Any CPU.Build.0 = Release|Any CPU
	EndGlobalSection
	GlobalSection(SolutionProperties) = preSolution
		HideSolutionNode = FALSE
	EndGlobalSection
	GlobalSection(ExtensibilityGlobals) = postSolution
		SolutionGuid = {D9D43034-2506-48DC-A8F4-B9A4C94F6A92}
	EndGlobalSection
EndGlobal
